
Microsoft Visual Studio Solution File, Format Version 12.00
# Visual Studio Version 16
VisualStudioVersion = 16.0.31410.357
MinimumVisualStudioVersion = 10.0.40219.1
Project("{8BC9CEB8-8B4A-11D0-8D11-00A0C91BC942}") = "ex1", "Project1\Project1.vcxproj", "{33CC403E-415D-45E1-BF6C-93AE063BA018}"
EndProject
Project("{8BC9CEB8-8B4A-11D0-8D11-00A0C91BC942}") = "ex2", "ex2\ex2.vcxproj", "{B1B98C5F-993A-4098-8911-90CBA2B15F58}"
EndProject
Project("{8BC9CEB8-8B4A-11D0-8D11-00A0C91BC942}") = "ex3", "ex3\ex3.vcxproj", "{66B75660-452D-4852-B3DC-63D96E0189BB}"
EndProject
Project("{8BC9CEB8-8B4A-11D0-8D11-00A0C91BC942}") = "ex4", "ex4\ex4.vcxproj", "{DE2A08F9-546F-4FEC-853F-AFF9202CA735}"
EndProject
Project("{8BC9CEB8-8B4A-11D0-8D11-00A0C91BC942}") = "ex5", "ex5\ex5.vcxproj", "{3E5592E8-AFF6-439B-9223-246A7A8E147C}"
EndProject
Project("{8BC9CEB8-8B4A-11D0-8D11-00A0C91BC942}") = "ex6", "ex6\ex6.vcxproj", "{B7B6F042-1046-4CC5-AC1C-6FE2B238D9F2}"
EndProject
Project("{8BC9CEB8-8B4A-11D0-8D11-00A0C91BC942}") = "ex7", "ex7\ex7.vcxproj", "{E288702F-8B97-4685-8782-954984B78486}"
EndProject
Project("{8BC9CEB8-8B4A-11D0-8D11-00A0C91BC942}") = "ex8", "ex8\ex8.vcxproj", "{0E169BC4-AC36-4CAC-92C7-22F8F3EB39C5}"
EndProject
Project("{8BC9CEB8-8B4A-11D0-8D11-00A0C91BC942}") = "ex9", "ex9\ex9.vcxproj", "{4D827B2F-5752-44F9-9B6F-5778FA15CE7C}"
EndProject
Global
	GlobalSection(SolutionConfigurationPlatforms) = preSolution
		Debug|x64 = Debug|x64
		Debug|x86 = Debug|x86
		Release|x64 = Release|x64
		Release|x86 = Release|x86
	EndGlobalSection
	GlobalSection(ProjectConfigurationPlatforms) = postSolution
		{33CC403E-415D-45E1-BF6C-93AE063BA018}.Debug|x64.ActiveCfg = Debug|x64
		{33CC403E-415D-45E1-BF6C-93AE063BA018}.Debug|x64.Build.0 = Debug|x64
		{33CC403E-415D-45E1-BF6C-93AE063BA018}.Debug|x86.ActiveCfg = Debug|Win32
		{33CC403E-415D-45E1-BF6C-93AE063BA018}.Debug|x86.Build.0 = Debug|Win32
		{33CC403E-415D-45E1-BF6C-93AE063BA018}.Release|x64.ActiveCfg = Release|x64
		{33CC403E-415D-45E1-BF6C-93AE063BA018}.Release|x64.Build.0 = Release|x64
		{33CC403E-415D-45E1-BF6C-93AE063BA018}.Release|x86.ActiveCfg = Release|Win32
		{33CC403E-415D-45E1-BF6C-93AE063BA018}.Release|x86.Build.0 = Release|Win32
		{B1B98C5F-993A-4098-8911-90CBA2B15F58}.Debug|x64.ActiveCfg = Debug|x64
		{B1B98C5F-993A-4098-8911-90CBA2B15F58}.Debug|x64.Build.0 = Debug|x64
		{B1B98C5F-993A-4098-8911-90CBA2B15F58}.Debug|x86.ActiveCfg = Debug|Win32
		{B1B98C5F-993A-4098-8911-90CBA2B15F58}.Debug|x86.Build.0 = Debug|Win32
		{B1B98C5F-993A-4098-8911-90CBA2B15F58}.Release|x64.ActiveCfg = Release|x64
		{B1B98C5F-993A-4098-8911-90CBA2B15F58}.Release|x64.Build.0 = Release|x64
		{B1B98C5F-993A-4098-8911-90CBA2B15F58}.Release|x86.ActiveCfg = Release|Win32
		{B1B98C5F-993A-4098-8911-90CBA2B15F58}.Release|x86.Build.0 = Release|Win32
		{66B75660-452D-4852-B3DC-63D96E0189BB}.Debug|x64.ActiveCfg = Debug|x64
		{66B75660-452D-4852-B3DC-63D96E0189BB}.Debug|x64.Build.0 = Debug|x64
		{66B75660-452D-4852-B3DC-63D96E0189BB}.Debug|x86.ActiveCfg = Debug|Win32
		{66B75660-452D-4852-B3DC-63D96E0189BB}.Debug|x86.Build.0 = Debug|Win32
		{66B75660-452D-4852-B3DC-63D96E0189BB}.Release|x64.ActiveCfg = Release|x64
		{66B75660-452D-4852-B3DC-63D96E0189BB}.Release|x64.Build.0 = Release|x64
		{66B75660-452D-4852-B3DC-63D96E0189BB}.Release|x86.ActiveCfg = Release|Win32
		{66B75660-452D-4852-B3DC-63D96E0189BB}.Release|x86.Build.0 = Release|Win32
		{DE2A08F9-546F-4FEC-853F-AFF9202CA735}.Debug|x64.ActiveCfg = Debug|x64
		{DE2A08F9-546F-4FEC-853F-AFF9202CA735}.Debug|x64.Build.0 = Debug|x64
		{DE2A08F9-546F-4FEC-853F-AFF9202CA735}.Debug|x86.ActiveCfg = Debug|Win32
		{DE2A08F9-546F-4FEC-853F-AFF9202CA735}.Debug|x86.Build.0 = Debug|Win32
		{DE2A08F9-546F-4FEC-853F-AFF9202CA735}.Release|x64.ActiveCfg = Release|x64
		{DE2A08F9-546F-4FEC-853F-AFF9202CA735}.Release|x64.Build.0 = Release|x64
		{DE2A08F9-546F-4FEC-853F-AFF9202CA735}.Release|x86.ActiveCfg = Release|Win32
		{DE2A08F9-546F-4FEC-853F-AFF9202CA735}.Release|x86.Build.0 = Release|Win32
		{3E5592E8-AFF6-439B-9223-246A7A8E147C}.Debug|x64.ActiveCfg = Debug|x64
		{3E5592E8-AFF6-439B-9223-246A7A8E147C}.Debug|x64.Build.0 = Debug|x64
		{3E5592E8-AFF6-439B-9223-246A7A8E147C}.Debug|x86.ActiveCfg = Debug|Win32
		{3E5592E8-AFF6-439B-9223-246A7A8E147C}.Debug|x86.Build.0 = Debug|Win32
		{3E5592E8-AFF6-439B-9223-246A7A8E147C}.Release|x64.ActiveCfg = Release|x64
		{3E5592E8-AFF6-439B-9223-246A7A8E147C}.Release|x64.Build.0 = Release|x64
		{3E5592E8-AFF6-439B-9223-246A7A8E147C}.Release|x86.ActiveCfg = Release|Win32
		{3E5592E8-AFF6-439B-9223-246A7A8E147C}.Release|x86.Build.0 = Release|Win32
		{B7B6F042-1046-4CC5-AC1C-6FE2B238D9F2}.Debug|x64.ActiveCfg = Debug|x64
		{B7B6F042-1046-4CC5-AC1C-6FE2B238D9F2}.Debug|x64.Build.0 = Debug|x64
		{B7B6F042-1046-4CC5-AC1C-6FE2B238D9F2}.Debug|x86.ActiveCfg = Debug|Win32
		{B7B6F042-1046-4CC5-AC1C-6FE2B238D9F2}.Debug|x86.Build.0 = Debug|Win32
		{B7B6F042-1046-4CC5-AC1C-6FE2B238D9F2}.Release|x64.ActiveCfg = Release|x64
		{B7B6F042-1046-4CC5-AC1C-6FE2B238D9F2}.Release|x64.Build.0 = Release|x64
		{B7B6F042-1046-4CC5-AC1C-6FE2B238D9F2}.Release|x86.ActiveCfg = Release|Win32
		{B7B6F042-1046-4CC5-AC1C-6FE2B238D9F2}.Release|x86.Build.0 = Release|Win32
		{E288702F-8B97-4685-8782-954984B78486}.Debug|x64.ActiveCfg = Debug|x64
		{E288702F-8B97-4685-8782-954984B78486}.Debug|x64.Build.0 = Debug|x64
		{E288702F-8B97-4685-8782-954984B78486}.Debug|x86.ActiveCfg = Debug|Win32
		{E288702F-8B97-4685-8782-954984B78486}.Debug|x86.Build.0 = Debug|Win32
		{E288702F-8B97-4685-8782-954984B78486}.Release|x64.ActiveCfg = Release|x64
		{E288702F-8B97-4685-8782-954984B78486}.Release|x64.Build.0 = Release|x64
		{E288702F-8B97-4685-8782-954984B78486}.Release|x86.ActiveCfg = Release|Win32
		{E288702F-8B97-4685-8782-954984B78486}.Release|x86.Build.0 = Release|Win32
		{0E169BC4-AC36-4CAC-92C7-22F8F3EB39C5}.Debug|x64.ActiveCfg = Debug|x64
		{0E169BC4-AC36-4CAC-92C7-22F8F3EB39C5}.Debug|x64.Build.0 = Debug|x64
		{0E169BC4-AC36-4CAC-92C7-22F8F3EB39C5}.Debug|x86.ActiveCfg = Debug|Win32
		{0E169BC4-AC36-4CAC-92C7-22F8F3EB39C5}.Debug|x86.Build.0 = Debug|Win32
		{0E169BC4-AC36-4CAC-92C7-22F8F3EB39C5}.Release|x64.ActiveCfg = Release|x64
		{0E169BC4-AC36-4CAC-92C7-22F8F3EB39C5}.Release|x64.Build.0 = Release|x64
		{0E169BC4-AC36-4CAC-92C7-22F8F3EB39C5}.Release|x86.ActiveCfg = Release|Win32
		{0E169BC4-AC36-4CAC-92C7-22F8F3EB39C5}.Release|x86.Build.0 = Release|Win32
		{4D827B2F-5752-44F9-9B6F-5778FA15CE7C}.Debug|x64.ActiveCfg = Debug|x64
		{4D827B2F-5752-44F9-9B6F-5778FA15CE7C}.Debug|x64.Build.0 = Debug|x64
		{4D827B2F-5752-44F9-9B6F-5778FA15CE7C}.Debug|x86.ActiveCfg = Debug|Win32
		{4D827B2F-5752-44F9-9B6F-5778FA15CE7C}.Debug|x86.Build.0 = Debug|Win32
		{4D827B2F-5752-44F9-9B6F-5778FA15CE7C}.Release|x64.ActiveCfg = Release|x64
		{4D827B2F-5752-44F9-9B6F-5778FA15CE7C}.Release|x64.Build.0 = Release|x64
		{4D827B2F-5752-44F9-9B6F-5778FA15CE7C}.Release|x86.ActiveCfg = Release|Win32
		{4D827B2F-5752-44F9-9B6F-5778FA15CE7C}.Release|x86.Build.0 = Release|Win32
	EndGlobalSection
	GlobalSection(SolutionProperties) = preSolution
		HideSolutionNode = FALSE
	EndGlobalSection
	GlobalSection(ExtensibilityGlobals) = postSolution
		SolutionGuid = {CF773DDE-BC8D-461F-B37D-C30684E970E8}
	EndGlobalSection
EndGlobal
